PODS:
  - Flutter (1.0.0)
  - otpless_headless_flutter (2.0.0):
    - Flutter
    - OtplessBM/Core (= 2.3.2)
  - OtplessBM/Core (2.3.2):
    - OtplessEventIO (~> 1.0)
  - OtplessEventIO (1.0.0)

DEPENDENCIES:
  - Flutter (from `Flutter`)
  - otpless_headless_flutter (from `.symlinks/plugins/otpless_headless_flutter/ios`)

SPEC REPOS:
  trunk:
    - OtplessBM
    - OtplessEventIO

EXTERNAL SOURCES:
  Flutter:
    :path: Flutter
  otpless_headless_flutter:
    :path: ".symlinks/plugins/otpless_headless_flutter/ios"

SPEC CHECKSUMS:
  Flutter: cabc95a1d2626b1b06e7179b784ebcf0c0cde467
  otpless_headless_flutter: 7cb350eeb615fc2b3988376f11d184317c38e40a
  OtplessBM: 3d48bf9c6274dd951ce6ea417d0005f3155a31c9
  OtplessEventIO: 4840f3d07db6675745e750df20c00bc687747599

PODFILE CHECKSUM: 0dbd5a87e0ace00c9610d2037ac22083a01f861d

COCOAPODS: 1.16.2
