PODS:
  - Flutter (1.0.0)
  - otpless_headless_flutter (0.0.1):
    - Flutter
    - OtplessBM/Core (= 1.1.1)
  - OtplessBM/Core (1.1.1)

DEPENDENCIES:
  - Flutter (from `Flutter`)
  - otpless_headless_flutter (from `.symlinks/plugins/otpless_headless_flutter/ios`)

SPEC REPOS:
  trunk:
    - OtplessBM

EXTERNAL SOURCES:
  Flutter:
    :path: Flutter
  otpless_headless_flutter:
    :path: ".symlinks/plugins/otpless_headless_flutter/ios"

SPEC CHECKSUMS:
  Flutter: f04841e97a9d0b0a8025694d0796dd46242b2854
  otpless_headless_flutter: d07129c5a499dcdebc67dae4adcaf59f74963b4a
  OtplessBM: a3fd650326c6390afff30982cc9d9df67a800bfc

PODFILE CHECKSUM: c4c93c5f6502fe2754f48404d3594bf779584011

COCOAPODS: 1.13.0
